
Microsoft Visual Studio Solution File, Format Version 12.00
# Visual Studio Version 17
VisualStudioVersion = 17.0.31903.59
MinimumVisualStudioVersion = 10.0.40219.1
Project("{2150E333-8FDC-42A3-9474-1A3956D46DE8}") = "tests", "tests", "{B9C52D58-FE09-4F65-8CFE-B931A7CF130C}"
EndProject
Project("{FAE04EC0-301F-11D3-BF4B-00C04F79EFBC}") = "ControladorPedidos.Tests", "tests\ControladorPedidos.Tests\ControladorPedidos.Tests.csproj", "{2BE34E4F-C7B7-4B13-990B-264DEE85C909}"
EndProject
Project("{2150E333-8FDC-42A3-9474-1A3956D46DE8}") = "src", "src", "{840F9EAE-591C-4172-BA8F-4512ABB6D3F7}"
EndProject
Project("{2150E333-8FDC-42A3-9474-1A3956D46DE8}") = "Adapters", "Adapters", "{396C4903-4ACF-49FC-BEAE-38EA7B310AF4}"
EndProject
Project("{2150E333-8FDC-42A3-9474-1A3956D46DE8}") = "Driving", "Driving", "{655DDE6B-21F9-42D0-A503-7086DDEDA264}"
EndProject
Project("{FAE04EC0-301F-11D3-BF4B-00C04F79EFBC}") = "ControladorPedidos", "src\Adapters\Driving\ControladorPedidos\ControladorPedidos.csproj", "{20649B24-8ACB-41F2-A2EA-AE7740433D74}"
EndProject
Project("{2150E333-8FDC-42A3-9474-1A3956D46DE8}") = "Core", "Core", "{0C3C35FB-62E8-43D5-B6B0-6613D82E9583}"
EndProject
Project("{FAE04EC0-301F-11D3-BF4B-00C04F79EFBC}") = "Domain", "src\Core\Domain\Domain.csproj", "{A410E3A8-5763-40B3-83FA-CFF8607B6D62}"
EndProject
Project("{FAE04EC0-301F-11D3-BF4B-00C04F79EFBC}") = "Application", "src\Core\Application\Application.csproj", "{6AD4E6D6-34D1-448C-B1B2-FBEE40B23A4C}"
EndProject
Global
	GlobalSection(SolutionConfigurationPlatforms) = preSolution
		Debug|Any CPU = Debug|Any CPU
		Release|Any CPU = Release|Any CPU
	EndGlobalSection
	GlobalSection(ProjectConfigurationPlatforms) = postSolution
		{2BE34E4F-C7B7-4B13-990B-264DEE85C909}.Debug|Any CPU.ActiveCfg = Debug|Any CPU
		{2BE34E4F-C7B7-4B13-990B-264DEE85C909}.Debug|Any CPU.Build.0 = Debug|Any CPU
		{2BE34E4F-C7B7-4B13-990B-264DEE85C909}.Release|Any CPU.ActiveCfg = Release|Any CPU
		{2BE34E4F-C7B7-4B13-990B-264DEE85C909}.Release|Any CPU.Build.0 = Release|Any CPU
		{20649B24-8ACB-41F2-A2EA-AE7740433D74}.Debug|Any CPU.ActiveCfg = Debug|Any CPU
		{20649B24-8ACB-41F2-A2EA-AE7740433D74}.Debug|Any CPU.Build.0 = Debug|Any CPU
		{20649B24-8ACB-41F2-A2EA-AE7740433D74}.Release|Any CPU.ActiveCfg = Release|Any CPU
		{20649B24-8ACB-41F2-A2EA-AE7740433D74}.Release|Any CPU.Build.0 = Release|Any CPU
		{A410E3A8-5763-40B3-83FA-CFF8607B6D62}.Debug|Any CPU.ActiveCfg = Debug|Any CPU
		{A410E3A8-5763-40B3-83FA-CFF8607B6D62}.Debug|Any CPU.Build.0 = Debug|Any CPU
		{A410E3A8-5763-40B3-83FA-CFF8607B6D62}.Release|Any CPU.ActiveCfg = Release|Any CPU
		{A410E3A8-5763-40B3-83FA-CFF8607B6D62}.Release|Any CPU.Build.0 = Release|Any CPU
		{6AD4E6D6-34D1-448C-B1B2-FBEE40B23A4C}.Debug|Any CPU.ActiveCfg = Debug|Any CPU
		{6AD4E6D6-34D1-448C-B1B2-FBEE40B23A4C}.Debug|Any CPU.Build.0 = Debug|Any CPU
		{6AD4E6D6-34D1-448C-B1B2-FBEE40B23A4C}.Release|Any CPU.ActiveCfg = Release|Any CPU
		{6AD4E6D6-34D1-448C-B1B2-FBEE40B23A4C}.Release|Any CPU.Build.0 = Release|Any CPU
	EndGlobalSection
	GlobalSection(SolutionProperties) = preSolution
		HideSolutionNode = FALSE
	EndGlobalSection
	GlobalSection(NestedProjects) = preSolution
		{2BE34E4F-C7B7-4B13-990B-264DEE85C909} = {B9C52D58-FE09-4F65-8CFE-B931A7CF130C}
		{396C4903-4ACF-49FC-BEAE-38EA7B310AF4} = {840F9EAE-591C-4172-BA8F-4512ABB6D3F7}
		{655DDE6B-21F9-42D0-A503-7086DDEDA264} = {396C4903-4ACF-49FC-BEAE-38EA7B310AF4}
		{20649B24-8ACB-41F2-A2EA-AE7740433D74} = {655DDE6B-21F9-42D0-A503-7086DDEDA264}
		{0C3C35FB-62E8-43D5-B6B0-6613D82E9583} = {840F9EAE-591C-4172-BA8F-4512ABB6D3F7}
		{A410E3A8-5763-40B3-83FA-CFF8607B6D62} = {0C3C35FB-62E8-43D5-B6B0-6613D82E9583}
		{6AD4E6D6-34D1-448C-B1B2-FBEE40B23A4C} = {0C3C35FB-62E8-43D5-B6B0-6613D82E9583}
	EndGlobalSection
EndGlobal
